
Microsoft Visual Studio Solution File, Format Version 12.00
# Visual Studio Version 16
VisualStudioVersion = 16.0.30413.136
MinimumVisualStudioVersion = 10.0.40219.1
Project("{FAE04EC0-301F-11D3-BF4B-00C04F79EFBC}") = "AcessoBancoDados", "AcessoBancoDados\AcessoBancoDados.csproj", "{065D5F21-E1A4-4A14-A2F5-BF4DF7495652}"
EndProject
Project("{FAE04EC0-301F-11D3-BF4B-00C04F79EFBC}") = "Negocios", "Negocios\Negocios.csproj", "{59E92659-94BA-402E-AAB2-C1DD04202EE8}"
EndProject
Project("{FAE04EC0-301F-11D3-BF4B-00C04F79EFBC}") = "Apresentacao", "Apresentacao\Apresentacao.csproj", "{548A1D5F-139E-4323-A48B-A6BB75918F50}"
EndProject
Project("{FAE04EC0-301F-11D3-BF4B-00C04F79EFBC}") = "ObjetoTransferencia", "ObjetoTransferencia\ObjetoTransferencia.csproj", "{C0EEFF22-B6F6-4619-A5C8-65675B3BDFAF}"
EndProject
Project("{FAE04EC0-301F-11D3-BF4B-00C04F79EFBC}") = "Estacionamento", "Estacionamento\Estacionamento.csproj", "{AC63A00C-53D4-4E71-8DFA-9D1B7ADD7705}"
EndProject
Global
	GlobalSection(SolutionConfigurationPlatforms) = preSolution
		Debug|Any CPU = Debug|Any CPU
		Release|Any CPU = Release|Any CPU
	EndGlobalSection
	GlobalSection(ProjectConfigurationPlatforms) = postSolution
		{065D5F21-E1A4-4A14-A2F5-BF4DF7495652}.Debug|Any CPU.ActiveCfg = Debug|Any CPU
		{065D5F21-E1A4-4A14-A2F5-BF4DF7495652}.Debug|Any CPU.Build.0 = Debug|Any CPU
		{065D5F21-E1A4-4A14-A2F5-BF4DF7495652}.Release|Any CPU.ActiveCfg = Release|Any CPU
		{065D5F21-E1A4-4A14-A2F5-BF4DF7495652}.Release|Any CPU.Build.0 = Release|Any CPU
		{59E92659-94BA-402E-AAB2-C1DD04202EE8}.Debug|Any CPU.ActiveCfg = Debug|Any CPU
		{59E92659-94BA-402E-AAB2-C1DD04202EE8}.Debug|Any CPU.Build.0 = Debug|Any CPU
		{59E92659-94BA-402E-AAB2-C1DD04202EE8}.Release|Any CPU.ActiveCfg = Release|Any CPU
		{59E92659-94BA-402E-AAB2-C1DD04202EE8}.Release|Any CPU.Build.0 = Release|Any CPU
		{548A1D5F-139E-4323-A48B-A6BB75918F50}.Debug|Any CPU.ActiveCfg = Debug|Any CPU
		{548A1D5F-139E-4323-A48B-A6BB75918F50}.Debug|Any CPU.Build.0 = Debug|Any CPU
		{548A1D5F-139E-4323-A48B-A6BB75918F50}.Release|Any CPU.ActiveCfg = Release|Any CPU
		{548A1D5F-139E-4323-A48B-A6BB75918F50}.Release|Any CPU.Build.0 = Release|Any CPU
		{C0EEFF22-B6F6-4619-A5C8-65675B3BDFAF}.Debug|Any CPU.ActiveCfg = Debug|Any CPU
		{C0EEFF22-B6F6-4619-A5C8-65675B3BDFAF}.Debug|Any CPU.Build.0 = Debug|Any CPU
		{C0EEFF22-B6F6-4619-A5C8-65675B3BDFAF}.Release|Any CPU.ActiveCfg = Release|Any CPU
		{C0EEFF22-B6F6-4619-A5C8-65675B3BDFAF}.Release|Any CPU.Build.0 = Release|Any CPU
		{AC63A00C-53D4-4E71-8DFA-9D1B7ADD7705}.Debug|Any CPU.ActiveCfg = Debug|Any CPU
		{AC63A00C-53D4-4E71-8DFA-9D1B7ADD7705}.Debug|Any CPU.Build.0 = Debug|Any CPU
		{AC63A00C-53D4-4E71-8DFA-9D1B7ADD7705}.Release|Any CPU.ActiveCfg = Release|Any CPU
		{AC63A00C-53D4-4E71-8DFA-9D1B7ADD7705}.Release|Any CPU.Build.0 = Release|Any CPU
	EndGlobalSection
	GlobalSection(SolutionProperties) = preSolution
		HideSolutionNode = FALSE
	EndGlobalSection
	GlobalSection(ExtensibilityGlobals) = postSolution
		SolutionGuid = {472290FD-78D7-463B-8B4F-94BBCE9FB3AA}
	EndGlobalSection
EndGlobal
